
Microsoft Visual Studio Solution File, Format Version 12.00
# Visual Studio Version 17
VisualStudioVersion = 17.13.35507.96
MinimumVisualStudioVersion = 10.0.40219.1
Project("{FAE04EC0-301F-11D3-BF4B-00C04F79EFBC}") = "305.WebApi", "305.WebApi.csproj", "{BD79128A-BBFB-403F-A680-C84D4DDD1F82}"
EndProject
Project("{FAE04EC0-301F-11D3-BF4B-00C04F79EFBC}") = "305.Domain", "..\305.Domain\305.Domain.csproj", "{5A104E22-06FB-4F1A-B7E3-EF0BFFBDDBF9}"
EndProject
Project("{FAE04EC0-301F-11D3-BF4B-00C04F79EFBC}") = "305.Application", "..\305.Application\305.Application.csproj", "{19DFACE4-56F8-4DCA-A1BC-07C1C54AA79C}"
EndProject
Project("{FAE04EC0-301F-11D3-BF4B-00C04F79EFBC}") = "305.Infrastructure", "..\305.Infrastructure\305.Infrastructure.csproj", "{77AB0E16-0CFE-4BB9-BE7A-1E4E1776660F}"
EndProject
Project("{FAE04EC0-301F-11D3-BF4B-00C04F79EFBC}") = "305.Tests.Unit", "..\305.Tests.Unit\305.Tests.Unit.csproj", "{B5CAADB6-6753-47E5-9F6E-AC3A93B020D6}"
EndProject
Project("{FAE04EC0-301F-11D3-BF4B-00C04F79EFBC}") = "305.Tests.Integration", "..\305.Tests.Integration\305.Tests.Integration.csproj", "{EF590BD9-E183-468E-9D65-8AC5FCC9A326}"
EndProject
Project("{2150E333-8FDC-42A3-9474-1A3956D46DE8}") = "1-Core", "1-Core", "{02EA681E-C7D8-13C7-8484-4AC65E1B71E8}"
EndProject
Project("{2150E333-8FDC-42A3-9474-1A3956D46DE8}") = "2-ServiceLayer", "2-ServiceLayer", "{F12807E3-9398-4158-9672-B4F3CECFA152}"
EndProject
Project("{2150E333-8FDC-42A3-9474-1A3956D46DE8}") = "3-Persistence", "3-Persistence", "{35D10E8F-EB00-4E8E-8C5E-FBF1058A4DB6}"
EndProject
Project("{2150E333-8FDC-42A3-9474-1A3956D46DE8}") = "4-Presentation", "4-Presentation", "{4FA14016-FC17-4AF9-86D0-F4DA6B522D80}"
EndProject
Project("{2150E333-8FDC-42A3-9474-1A3956D46DE8}") = "5-CoreTests", "5-CoreTests", "{854AC9C1-AD25-4182-BA6E-76D927413253}"
EndProject
Project("{2150E333-8FDC-42A3-9474-1A3956D46DE8}") = "0-Kernel", "0-Kernel", "{5E1432DA-E57C-4ABF-9B14-5A7AEBAEA28A}"
EndProject
Project("{FAE04EC0-301F-11D3-BF4B-00C04F79EFBC}") = "305.BuildingBlocks", "..\305.BuildingBlocks\305.BuildingBlocks.csproj", "{CCBBBCA1-A412-48FE-A755-96C1D9A00027}"
EndProject
Project("{2150E333-8FDC-42A3-9474-1A3956D46DE8}") = "6-ApiTests", "6-ApiTests", "{7B7FBF44-98DA-4714-86E3-D81B0A5991A9}"
EndProject
Global
	GlobalSection(SolutionConfigurationPlatforms) = preSolution
		Debug|Any CPU = Debug|Any CPU
		Release|Any CPU = Release|Any CPU
	EndGlobalSection
	GlobalSection(ProjectConfigurationPlatforms) = postSolution
		{BD79128A-BBFB-403F-A680-C84D4DDD1F82}.Debug|Any CPU.ActiveCfg = Debug|Any CPU
		{BD79128A-BBFB-403F-A680-C84D4DDD1F82}.Debug|Any CPU.Build.0 = Debug|Any CPU
		{BD79128A-BBFB-403F-A680-C84D4DDD1F82}.Release|Any CPU.ActiveCfg = Release|Any CPU
		{BD79128A-BBFB-403F-A680-C84D4DDD1F82}.Release|Any CPU.Build.0 = Release|Any CPU
		{5A104E22-06FB-4F1A-B7E3-EF0BFFBDDBF9}.Debug|Any CPU.ActiveCfg = Debug|Any CPU
		{5A104E22-06FB-4F1A-B7E3-EF0BFFBDDBF9}.Debug|Any CPU.Build.0 = Debug|Any CPU
		{5A104E22-06FB-4F1A-B7E3-EF0BFFBDDBF9}.Release|Any CPU.ActiveCfg = Release|Any CPU
		{5A104E22-06FB-4F1A-B7E3-EF0BFFBDDBF9}.Release|Any CPU.Build.0 = Release|Any CPU
		{19DFACE4-56F8-4DCA-A1BC-07C1C54AA79C}.Debug|Any CPU.ActiveCfg = Debug|Any CPU
		{19DFACE4-56F8-4DCA-A1BC-07C1C54AA79C}.Debug|Any CPU.Build.0 = Debug|Any CPU
		{19DFACE4-56F8-4DCA-A1BC-07C1C54AA79C}.Release|Any CPU.ActiveCfg = Release|Any CPU
		{19DFACE4-56F8-4DCA-A1BC-07C1C54AA79C}.Release|Any CPU.Build.0 = Release|Any CPU
		{77AB0E16-0CFE-4BB9-BE7A-1E4E1776660F}.Debug|Any CPU.ActiveCfg = Debug|Any CPU
		{77AB0E16-0CFE-4BB9-BE7A-1E4E1776660F}.Debug|Any CPU.Build.0 = Debug|Any CPU
		{77AB0E16-0CFE-4BB9-BE7A-1E4E1776660F}.Release|Any CPU.ActiveCfg = Release|Any CPU
		{77AB0E16-0CFE-4BB9-BE7A-1E4E1776660F}.Release|Any CPU.Build.0 = Release|Any CPU
		{B5CAADB6-6753-47E5-9F6E-AC3A93B020D6}.Debug|Any CPU.ActiveCfg = Debug|Any CPU
		{B5CAADB6-6753-47E5-9F6E-AC3A93B020D6}.Debug|Any CPU.Build.0 = Debug|Any CPU
		{B5CAADB6-6753-47E5-9F6E-AC3A93B020D6}.Release|Any CPU.ActiveCfg = Release|Any CPU
		{B5CAADB6-6753-47E5-9F6E-AC3A93B020D6}.Release|Any CPU.Build.0 = Release|Any CPU
		{EF590BD9-E183-468E-9D65-8AC5FCC9A326}.Debug|Any CPU.ActiveCfg = Debug|Any CPU
		{EF590BD9-E183-468E-9D65-8AC5FCC9A326}.Debug|Any CPU.Build.0 = Debug|Any CPU
		{EF590BD9-E183-468E-9D65-8AC5FCC9A326}.Release|Any CPU.ActiveCfg = Release|Any CPU
		{EF590BD9-E183-468E-9D65-8AC5FCC9A326}.Release|Any CPU.Build.0 = Release|Any CPU
		{CCBBBCA1-A412-48FE-A755-96C1D9A00027}.Debug|Any CPU.ActiveCfg = Debug|Any CPU
		{CCBBBCA1-A412-48FE-A755-96C1D9A00027}.Debug|Any CPU.Build.0 = Debug|Any CPU
		{CCBBBCA1-A412-48FE-A755-96C1D9A00027}.Release|Any CPU.ActiveCfg = Release|Any CPU
		{CCBBBCA1-A412-48FE-A755-96C1D9A00027}.Release|Any CPU.Build.0 = Release|Any CPU
	EndGlobalSection
	GlobalSection(SolutionProperties) = preSolution
		HideSolutionNode = FALSE
	EndGlobalSection
	GlobalSection(NestedProjects) = preSolution
		{BD79128A-BBFB-403F-A680-C84D4DDD1F82} = {4FA14016-FC17-4AF9-86D0-F4DA6B522D80}
		{5A104E22-06FB-4F1A-B7E3-EF0BFFBDDBF9} = {02EA681E-C7D8-13C7-8484-4AC65E1B71E8}
		{19DFACE4-56F8-4DCA-A1BC-07C1C54AA79C} = {F12807E3-9398-4158-9672-B4F3CECFA152}
		{77AB0E16-0CFE-4BB9-BE7A-1E4E1776660F} = {35D10E8F-EB00-4E8E-8C5E-FBF1058A4DB6}
		{B5CAADB6-6753-47E5-9F6E-AC3A93B020D6} = {854AC9C1-AD25-4182-BA6E-76D927413253}
		{EF590BD9-E183-468E-9D65-8AC5FCC9A326} = {7B7FBF44-98DA-4714-86E3-D81B0A5991A9}
		{CCBBBCA1-A412-48FE-A755-96C1D9A00027} = {5E1432DA-E57C-4ABF-9B14-5A7AEBAEA28A}
	EndGlobalSection
	GlobalSection(ExtensibilityGlobals) = postSolution
		SolutionGuid = {DD8198D7-8AC6-4343-AA2A-0DF37F1A1F62}
	EndGlobalSection
EndGlobal
